
Microsoft Visual Studio Solution File, Format Version 12.00
# Visual Studio Version 17
VisualStudioVersion = 17.7.34024.191
MinimumVisualStudioVersion = 10.0.40219.1
Project("{8BC9CEB8-8B4A-11D0-8D11-00A0C91BC942}") = "Lab1", "Lab1\Lab1.vcxproj", "{A2D5FC32-EE6E-4834-AAE3-59D9EEA9B55A}"
EndProject
Project("{8BC9CEB8-8B4A-11D0-8D11-00A0C91BC942}") = "Timber Clone", "Timber\Timber.vcxproj", "{A21060E5-0AA0-4F13-99F5-0EBBFE81BEDC}"
EndProject
Project("{8BC9CEB8-8B4A-11D0-8D11-00A0C91BC942}") = "Lab 3", "Lab 2\Lab 2.vcxproj", "{6A4ED62B-B946-491C-BF01-3A012338CF0B}"
EndProject
Project("{8BC9CEB8-8B4A-11D0-8D11-00A0C91BC942}") = "Pong Clone", "ConsoleApplication1\ConsoleApplication1.vcxproj", "{690374A9-DB12-4886-B67D-66E3BD808C26}"
EndProject
Project("{8BC9CEB8-8B4A-11D0-8D11-00A0C91BC942}") = "Zombie Arena Clone", "Zombie Arena Clone\Zombie Arena Clone.vcxproj", "{3180297A-5ED5-4F6F-9EC1-57ECA1DB79D3}"
EndProject
Project("{8BC9CEB8-8B4A-11D0-8D11-00A0C91BC942}") = "Lab4", "Lab4\Lab4.vcxproj", "{02E11D27-7FB7-4DC1-B30B-2F2A58804BCE}"
EndProject
Project("{8BC9CEB8-8B4A-11D0-8D11-00A0C91BC942}") = "Lab5", "Lab5\Lab5.vcxproj", "{CB2FBBA4-CCA6-4215-A87C-D6CD5E56EDAC}"
EndProject
Global
	GlobalSection(SolutionConfigurationPlatforms) = preSolution
		Debug|Any CPU = Debug|Any CPU
		Debug|x64 = Debug|x64
		Debug|x86 = Debug|x86
		Release|Any CPU = Release|Any CPU
		Release|x64 = Release|x64
		Release|x86 = Release|x86
	EndGlobalSection
	GlobalSection(ProjectConfigurationPlatforms) = postSolution
		{A2D5FC32-EE6E-4834-AAE3-59D9EEA9B55A}.Debug|Any CPU.ActiveCfg = Debug|x64
		{A2D5FC32-EE6E-4834-AAE3-59D9EEA9B55A}.Debug|Any CPU.Build.0 = Debug|x64
		{A2D5FC32-EE6E-4834-AAE3-59D9EEA9B55A}.Debug|x64.ActiveCfg = Debug|x64
		{A2D5FC32-EE6E-4834-AAE3-59D9EEA9B55A}.Debug|x64.Build.0 = Debug|x64
		{A2D5FC32-EE6E-4834-AAE3-59D9EEA9B55A}.Debug|x86.ActiveCfg = Debug|Win32
		{A2D5FC32-EE6E-4834-AAE3-59D9EEA9B55A}.Debug|x86.Build.0 = Debug|Win32
		{A2D5FC32-EE6E-4834-AAE3-59D9EEA9B55A}.Release|Any CPU.ActiveCfg = Release|x64
		{A2D5FC32-EE6E-4834-AAE3-59D9EEA9B55A}.Release|Any CPU.Build.0 = Release|x64
		{A2D5FC32-EE6E-4834-AAE3-59D9EEA9B55A}.Release|x64.ActiveCfg = Release|x64
		{A2D5FC32-EE6E-4834-AAE3-59D9EEA9B55A}.Release|x64.Build.0 = Release|x64
		{A2D5FC32-EE6E-4834-AAE3-59D9EEA9B55A}.Release|x86.ActiveCfg = Release|Win32
		{A2D5FC32-EE6E-4834-AAE3-59D9EEA9B55A}.Release|x86.Build.0 = Release|Win32
		{A21060E5-0AA0-4F13-99F5-0EBBFE81BEDC}.Debug|Any CPU.ActiveCfg = Debug|x64
		{A21060E5-0AA0-4F13-99F5-0EBBFE81BEDC}.Debug|Any CPU.Build.0 = Debug|x64
		{A21060E5-0AA0-4F13-99F5-0EBBFE81BEDC}.Debug|x64.ActiveCfg = Debug|x64
		{A21060E5-0AA0-4F13-99F5-0EBBFE81BEDC}.Debug|x64.Build.0 = Debug|x64
		{A21060E5-0AA0-4F13-99F5-0EBBFE81BEDC}.Debug|x86.ActiveCfg = Debug|Win32
		{A21060E5-0AA0-4F13-99F5-0EBBFE81BEDC}.Debug|x86.Build.0 = Debug|Win32
		{A21060E5-0AA0-4F13-99F5-0EBBFE81BEDC}.Release|Any CPU.ActiveCfg = Release|x64
		{A21060E5-0AA0-4F13-99F5-0EBBFE81BEDC}.Release|Any CPU.Build.0 = Release|x64
		{A21060E5-0AA0-4F13-99F5-0EBBFE81BEDC}.Release|x64.ActiveCfg = Release|x64
		{A21060E5-0AA0-4F13-99F5-0EBBFE81BEDC}.Release|x64.Build.0 = Release|x64
		{A21060E5-0AA0-4F13-99F5-0EBBFE81BEDC}.Release|x86.ActiveCfg = Release|Win32
		{A21060E5-0AA0-4F13-99F5-0EBBFE81BEDC}.Release|x86.Build.0 = Release|Win32
		{6A4ED62B-B946-491C-BF01-3A012338CF0B}.Debug|Any CPU.ActiveCfg = Debug|x64
		{6A4ED62B-B946-491C-BF01-3A012338CF0B}.Debug|Any CPU.Build.0 = Debug|x64
		{6A4ED62B-B946-491C-BF01-3A012338CF0B}.Debug|x64.ActiveCfg = Debug|x64
		{6A4ED62B-B946-491C-BF01-3A012338CF0B}.Debug|x64.Build.0 = Debug|x64
		{6A4ED62B-B946-491C-BF01-3A012338CF0B}.Debug|x86.ActiveCfg = Debug|Win32
		{6A4ED62B-B946-491C-BF01-3A012338CF0B}.Debug|x86.Build.0 = Debug|Win32
		{6A4ED62B-B946-491C-BF01-3A012338CF0B}.Release|Any CPU.ActiveCfg = Release|x64
		{6A4ED62B-B946-491C-BF01-3A012338CF0B}.Release|Any CPU.Build.0 = Release|x64
		{6A4ED62B-B946-491C-BF01-3A012338CF0B}.Release|x64.ActiveCfg = Release|x64
		{6A4ED62B-B946-491C-BF01-3A012338CF0B}.Release|x64.Build.0 = Release|x64
		{6A4ED62B-B946-491C-BF01-3A012338CF0B}.Release|x86.ActiveCfg = Release|Win32
		{6A4ED62B-B946-491C-BF01-3A012338CF0B}.Release|x86.Build.0 = Release|Win32
		{690374A9-DB12-4886-B67D-66E3BD808C26}.Debug|Any CPU.ActiveCfg = Debug|x64
		{690374A9-DB12-4886-B67D-66E3BD808C26}.Debug|Any CPU.Build.0 = Debug|x64
		{690374A9-DB12-4886-B67D-66E3BD808C26}.Debug|x64.ActiveCfg = Debug|x64
		{690374A9-DB12-4886-B67D-66E3BD808C26}.Debug|x64.Build.0 = Debug|x64
		{690374A9-DB12-4886-B67D-66E3BD808C26}.Debug|x86.ActiveCfg = Debug|Win32
		{690374A9-DB12-4886-B67D-66E3BD808C26}.Debug|x86.Build.0 = Debug|Win32
		{690374A9-DB12-4886-B67D-66E3BD808C26}.Release|Any CPU.ActiveCfg = Release|x64
		{690374A9-DB12-4886-B67D-66E3BD808C26}.Release|Any CPU.Build.0 = Release|x64
		{690374A9-DB12-4886-B67D-66E3BD808C26}.Release|x64.ActiveCfg = Release|x64
		{690374A9-DB12-4886-B67D-66E3BD808C26}.Release|x64.Build.0 = Release|x64
		{690374A9-DB12-4886-B67D-66E3BD808C26}.Release|x86.ActiveCfg = Release|Win32
		{690374A9-DB12-4886-B67D-66E3BD808C26}.Release|x86.Build.0 = Release|Win32
		{3180297A-5ED5-4F6F-9EC1-57ECA1DB79D3}.Debug|Any CPU.ActiveCfg = Debug|x64
		{3180297A-5ED5-4F6F-9EC1-57ECA1DB79D3}.Debug|Any CPU.Build.0 = Debug|x64
		{3180297A-5ED5-4F6F-9EC1-57ECA1DB79D3}.Debug|x64.ActiveCfg = Debug|x64
		{3180297A-5ED5-4F6F-9EC1-57ECA1DB79D3}.Debug|x64.Build.0 = Debug|x64
		{3180297A-5ED5-4F6F-9EC1-57ECA1DB79D3}.Debug|x86.ActiveCfg = Debug|Win32
		{3180297A-5ED5-4F6F-9EC1-57ECA1DB79D3}.Debug|x86.Build.0 = Debug|Win32
		{3180297A-5ED5-4F6F-9EC1-57ECA1DB79D3}.Release|Any CPU.ActiveCfg = Release|x64
		{3180297A-5ED5-4F6F-9EC1-57ECA1DB79D3}.Release|Any CPU.Build.0 = Release|x64
		{3180297A-5ED5-4F6F-9EC1-57ECA1DB79D3}.Release|x64.ActiveCfg = Release|x64
		{3180297A-5ED5-4F6F-9EC1-57ECA1DB79D3}.Release|x64.Build.0 = Release|x64
		{3180297A-5ED5-4F6F-9EC1-57ECA1DB79D3}.Release|x86.ActiveCfg = Release|Win32
		{3180297A-5ED5-4F6F-9EC1-57ECA1DB79D3}.Release|x86.Build.0 = Release|Win32
		{02E11D27-7FB7-4DC1-B30B-2F2A58804BCE}.Debug|Any CPU.ActiveCfg = Debug|x64
		{02E11D27-7FB7-4DC1-B30B-2F2A58804BCE}.Debug|Any CPU.Build.0 = Debug|x64
		{02E11D27-7FB7-4DC1-B30B-2F2A58804BCE}.Debug|x64.ActiveCfg = Debug|x64
		{02E11D27-7FB7-4DC1-B30B-2F2A58804BCE}.Debug|x64.Build.0 = Debug|x64
		{02E11D27-7FB7-4DC1-B30B-2F2A58804BCE}.Debug|x86.ActiveCfg = Debug|Win32
		{02E11D27-7FB7-4DC1-B30B-2F2A58804BCE}.Debug|x86.Build.0 = Debug|Win32
		{02E11D27-7FB7-4DC1-B30B-2F2A58804BCE}.Release|Any CPU.ActiveCfg = Release|x64
		{02E11D27-7FB7-4DC1-B30B-2F2A58804BCE}.Release|Any CPU.Build.0 = Release|x64
		{02E11D27-7FB7-4DC1-B30B-2F2A58804BCE}.Release|x64.ActiveCfg = Release|x64
		{02E11D27-7FB7-4DC1-B30B-2F2A58804BCE}.Release|x64.Build.0 = Release|x64
		{02E11D27-7FB7-4DC1-B30B-2F2A58804BCE}.Release|x86.ActiveCfg = Release|Win32
		{02E11D27-7FB7-4DC1-B30B-2F2A58804BCE}.Release|x86.Build.0 = Release|Win32
		{CB2FBBA4-CCA6-4215-A87C-D6CD5E56EDAC}.Debug|Any CPU.ActiveCfg = Debug|x64
		{CB2FBBA4-CCA6-4215-A87C-D6CD5E56EDAC}.Debug|Any CPU.Build.0 = Debug|x64
		{CB2FBBA4-CCA6-4215-A87C-D6CD5E56EDAC}.Debug|x64.ActiveCfg = Debug|x64
		{CB2FBBA4-CCA6-4215-A87C-D6CD5E56EDAC}.Debug|x64.Build.0 = Debug|x64
		{CB2FBBA4-CCA6-4215-A87C-D6CD5E56EDAC}.Debug|x86.ActiveCfg = Debug|Win32
		{CB2FBBA4-CCA6-4215-A87C-D6CD5E56EDAC}.Debug|x86.Build.0 = Debug|Win32
		{CB2FBBA4-CCA6-4215-A87C-D6CD5E56EDAC}.Release|Any CPU.ActiveCfg = Release|x64
		{CB2FBBA4-CCA6-4215-A87C-D6CD5E56EDAC}.Release|Any CPU.Build.0 = Release|x64
		{CB2FBBA4-CCA6-4215-A87C-D6CD5E56EDAC}.Release|x64.ActiveCfg = Release|x64
		{CB2FBBA4-CCA6-4215-A87C-D6CD5E56EDAC}.Release|x64.Build.0 = Release|x64
		{CB2FBBA4-CCA6-4215-A87C-D6CD5E56EDAC}.Release|x86.ActiveCfg = Release|Win32
		{CB2FBBA4-CCA6-4215-A87C-D6CD5E56EDAC}.Release|x86.Build.0 = Release|Win32
	EndGlobalSection
	GlobalSection(SolutionProperties) = preSolution
		HideSolutionNode = FALSE
	EndGlobalSection
	GlobalSection(ExtensibilityGlobals) = postSolution
		SolutionGuid = {620A537B-3A2B-4EA1-A0C7-5138E7B901F2}
	EndGlobalSection
EndGlobal
